{
    "_meta": {
        "hash": {
            "sha256": "0e8b6787a3d835df7db152fe03f40cf9772cec6d83a6f849ba48097bebb2f037"
        },
        "pipfile-spec": 6,
        "requires": {
            "python_version": "3.12"
        },
        "sources": [
            {
                "name": "pypi",
                "url": "https://pypi.org/simple",
                "verify_ssl": false
            }
        ]
    },
    "default": {
        "asgiref": {
            "hashes": [
                "sha256:3e1e3ecc849832fe52ccf2cb6686b7a55f82bb1d6aee72a58826471390335e47",
                "sha256:c343bd80a0bec947a9860adb4c432ffa7db769836c64238fc34bdc3fec84d590"
            ],
            "markers": "python_version >= '3.8'",
            "version": "==3.8.1"
        },
        "django": {
            "hashes": [
                "sha256:236e023f021f5ce7dee5779de7b286565fdea5f4ab86bae5338e3f7b69896cf0",
                "sha256:de450c09e91879fa5a307f696e57c851955c910a438a35e6b4c895e86bedc82a"
            ],
            "index": "pypi",
            "markers": "python_version >= '3.10'",
            "version": "==5.1.4"
        },
        "mysqlclient": {
            "hashes": [
                "sha256:3da70a07753ba6be881f7d75e795e254f6a0c12795778034acc69769b0649d37",
                "sha256:43c5b30be0675080b9c815f457d73397f0442173e7be83d089b126835e2617ae",
                "sha256:794857bce4f9a1903a99786dd29ad7887f45a870b3d11585b8c51c4a753c4174",
                "sha256:b0a5cddf1d3488b254605041070086cac743401d876a659a72d706a0d89c8ebb",
                "sha256:c0b46d9b78b461dbb62482089ca8040fa916595b1b30f831ebbd1b0a82b43d53",
                "sha256:e940b41d85dfd7b190fa47d52f525f878cfa203d4653bf6a35b271b3c3be125b",
                "sha256:e94a92858203d97fd584bdb6d7ee8c56f2590db8d77fd44215c0dcf5e739bc37",
                "sha256:f3efb849d6f7ef4b9788a0eda2e896b975e0ebf1d6bf3dcabea63fd698e5b0b5"
            ],
            "index": "pypi",
            "markers": "python_version >= '3.8'",
            "version": "==2.2.6"
        },
        "sqlparse": {
            "hashes": [
                "sha256:09f67787f56a0b16ecdbde1bfc7f5d9c3371ca683cfeaa8e6ff60b4807ec9272",
                "sha256:cf2196ed3418f3ba5de6af7e82c694a9fbdbfecccdfc72e281548517081f16ca"
            ],
            "markers": "python_version >= '3.8'",
            "version": "==0.5.3"
        },
        "tzdata": {
            "hashes": [
                "sha256:7d85cc416e9382e69095b7bdf4afd9e3880418a2413feec7069d533d6b4e31cc",
                "sha256:a48093786cdcde33cad18c2555e8532f34422074448fbc874186f0abd79565cd"
            ],
            "markers": "python_version >= '2'",
            "version": "==2024.2"
        }
    },
    "develop": {}
}
